
Microsoft Visual Studio Solution File, Format Version 12.00
Project("{FAE04EC0-301F-11D3-BF4B-00C04F79EFBC}") = "DeepSeek_SQLAgent", "DeepSeek_SQLAgent\DeepSeek_SQLAgent.csproj", "{94625A79-C2FB-4F45-AC8D-5CB6E1D5FF41}"
EndProject
Global
	GlobalSection(SolutionConfigurationPlatforms) = preSolution
		Debug|Any CPU = Debug|Any CPU
		Release|Any CPU = Release|Any CPU
	EndGlobalSection
	GlobalSection(ProjectConfigurationPlatforms) = postSolution
		{94625A79-C2FB-4F45-AC8D-5CB6E1D5FF41}.Debug|Any CPU.ActiveCfg = Debug|Any CPU
		{94625A79-C2FB-4F45-AC8D-5CB6E1D5FF41}.Debug|Any CPU.Build.0 = Debug|Any CPU
		{94625A79-C2FB-4F45-AC8D-5CB6E1D5FF41}.Release|Any CPU.ActiveCfg = Release|Any CPU
		{94625A79-C2FB-4F45-AC8D-5CB6E1D5FF41}.Release|Any CPU.Build.0 = Release|Any CPU
	EndGlobalSection
EndGlobal
